
Microsoft Visual Studio Solution File, Format Version 12.00
# Visual Studio Version 17
VisualStudioVersion = 17.14.36301.6
MinimumVisualStudioVersion = 10.0.40219.1
Project("{FAE04EC0-301F-11D3-BF4B-00C04F79EFBC}") = "AaronSanders.Website", "AaronSanders.Website\AaronSanders.Website.csproj", "{69812591-044B-4ECE-82E0-DE7752741F2E}"
EndProject
Global
	GlobalSection(SolutionConfigurationPlatforms) = preSolution
		Debug|Any CPU = Debug|Any CPU
		Release|Any CPU = Release|Any CPU
	EndGlobalSection
	GlobalSection(ProjectConfigurationPlatforms) = postSolution
		{69812591-044B-4ECE-82E0-DE7752741F2E}.Debug|Any CPU.ActiveCfg = Debug|Any CPU
		{69812591-044B-4ECE-82E0-DE7752741F2E}.Debug|Any CPU.Build.0 = Debug|Any CPU
		{69812591-044B-4ECE-82E0-DE7752741F2E}.Release|Any CPU.ActiveCfg = Release|Any CPU
		{69812591-044B-4ECE-82E0-DE7752741F2E}.Release|Any CPU.Build.0 = Release|Any CPU
	EndGlobalSection
	GlobalSection(SolutionProperties) = preSolution
		HideSolutionNode = FALSE
	EndGlobalSection
	GlobalSection(ExtensibilityGlobals) = postSolution
		SolutionGuid = {6E01DC5C-6E3E-4832-A73D-B4238E52F7B2}
	EndGlobalSection
EndGlobal
